
Microsoft Visual Studio Solution File, Format Version 12.00
# Visual Studio Version 17
VisualStudioVersion = 17.9.34701.34
MinimumVisualStudioVersion = 10.0.40219.1
Project("{FAE04EC0-301F-11D3-BF4B-00C04F79EFBC}") = "Film_Arsivim", "Film_Arsivim\Film_Arsivim.csproj", "{633E416A-5AB0-4D24-A7F5-E60F11D4ACF1}"
EndProject
Global
	GlobalSection(SolutionConfigurationPlatforms) = preSolution
		Debug|Any CPU = Debug|Any CPU
		Release|Any CPU = Release|Any CPU
	EndGlobalSection
	GlobalSection(ProjectConfigurationPlatforms) = postSolution
		{633E416A-5AB0-4D24-A7F5-E60F11D4ACF1}.Debug|Any CPU.ActiveCfg = Debug|Any CPU
		{633E416A-5AB0-4D24-A7F5-E60F11D4ACF1}.Debug|Any CPU.Build.0 = Debug|Any CPU
		{633E416A-5AB0-4D24-A7F5-E60F11D4ACF1}.Release|Any CPU.ActiveCfg = Release|Any CPU
		{633E416A-5AB0-4D24-A7F5-E60F11D4ACF1}.Release|Any CPU.Build.0 = Release|Any CPU
	EndGlobalSection
	GlobalSection(SolutionProperties) = preSolution
		HideSolutionNode = FALSE
	EndGlobalSection
	GlobalSection(ExtensibilityGlobals) = postSolution
		SolutionGuid = {889C9836-D516-45A1-B11D-3A4F455CFC3F}
	EndGlobalSection
EndGlobal
